
Microsoft Visual Studio Solution File, Format Version 12.00
# Visual Studio 15
VisualStudioVersion = 15.0.28307.852
MinimumVisualStudioVersion = 10.0.40219.1
Project("{FAE04EC0-301F-11D3-BF4B-00C04F79EFBC}") = "RatonYTeclado", "RatonYTeclado\RatonYTeclado.csproj", "{623B1AE9-55B1-4119-ACBB-327D2E9B594A}"
EndProject
Global
	GlobalSection(SolutionConfigurationPlatforms) = preSolution
		Debug|Any CPU = Debug|Any CPU
		Release|Any CPU = Release|Any CPU
	EndGlobalSection
	GlobalSection(ProjectConfigurationPlatforms) = postSolution
		{623B1AE9-55B1-4119-ACBB-327D2E9B594A}.Debug|Any CPU.ActiveCfg = Debug|Any CPU
		{623B1AE9-55B1-4119-ACBB-327D2E9B594A}.Debug|Any CPU.Build.0 = Debug|Any CPU
		{623B1AE9-55B1-4119-ACBB-327D2E9B594A}.Release|Any CPU.ActiveCfg = Release|Any CPU
		{623B1AE9-55B1-4119-ACBB-327D2E9B594A}.Release|Any CPU.Build.0 = Release|Any CPU
	EndGlobalSection
	GlobalSection(SolutionProperties) = preSolution
		HideSolutionNode = FALSE
	EndGlobalSection
	GlobalSection(ExtensibilityGlobals) = postSolution
		SolutionGuid = {49420DD9-A47F-44C0-A35B-22FB2B3E01B9}
	EndGlobalSection
EndGlobal
